
Microsoft Visual Studio Solution File, Format Version 12.00
# Visual Studio Version 17
VisualStudioVersion = 17.9.34728.123
MinimumVisualStudioVersion = 10.0.40219.1
Project("{9A19103F-16F7-4668-BE54-9A1E7A4F7556}") = "01todoList", "01todoList\01todoList.csproj", "{200C5E3B-A54F-4371-85EA-A1D12B75711A}"
EndProject
Project("{9A19103F-16F7-4668-BE54-9A1E7A4F7556}") = "simpleCalculator", "simpleCalculator\simpleCalculator.csproj", "{AA525EEB-9D17-42C2-8ADB-D3ED6E3535BB}"
EndProject
Project("{9A19103F-16F7-4668-BE54-9A1E7A4F7556}") = "OOP", "OOP\OOP.csproj", "{5A12AF16-53EC-4A35-A29A-9ECFD0B2689A}"
EndProject
Project("{9A19103F-16F7-4668-BE54-9A1E7A4F7556}") = "ExceptionHandaling", "ExceptionHandaling\ExceptionHandaling.csproj", "{146115CC-27AC-4A56-A48A-29827CB195E6}"
EndProject
Project("{9A19103F-16F7-4668-BE54-9A1E7A4F7556}") = "Generic types & advanced use of methods", "Generic types & advanced use of methods\Generic types & advanced use of methods.csproj", "{01B127D3-D32E-47D7-951D-BB132E9A9D6E}"
EndProject
Project("{FAE04EC0-301F-11D3-BF4B-00C04F79EFBC}") = "LINQ Library", "LINQ Library\LINQ Library.csproj", "{E7F00170-11AE-430B-9A18-3A86A476EC1D}"
EndProject
Global
	GlobalSection(SolutionConfigurationPlatforms) = preSolution
		Debug|Any CPU = Debug|Any CPU
		Release|Any CPU = Release|Any CPU
	EndGlobalSection
	GlobalSection(ProjectConfigurationPlatforms) = postSolution
		{200C5E3B-A54F-4371-85EA-A1D12B75711A}.Debug|Any CPU.ActiveCfg = Debug|Any CPU
		{200C5E3B-A54F-4371-85EA-A1D12B75711A}.Debug|Any CPU.Build.0 = Debug|Any CPU
		{200C5E3B-A54F-4371-85EA-A1D12B75711A}.Release|Any CPU.ActiveCfg = Release|Any CPU
		{200C5E3B-A54F-4371-85EA-A1D12B75711A}.Release|Any CPU.Build.0 = Release|Any CPU
		{AA525EEB-9D17-42C2-8ADB-D3ED6E3535BB}.Debug|Any CPU.ActiveCfg = Debug|Any CPU
		{AA525EEB-9D17-42C2-8ADB-D3ED6E3535BB}.Debug|Any CPU.Build.0 = Debug|Any CPU
		{AA525EEB-9D17-42C2-8ADB-D3ED6E3535BB}.Release|Any CPU.ActiveCfg = Release|Any CPU
		{AA525EEB-9D17-42C2-8ADB-D3ED6E3535BB}.Release|Any CPU.Build.0 = Release|Any CPU
		{5A12AF16-53EC-4A35-A29A-9ECFD0B2689A}.Debug|Any CPU.ActiveCfg = Debug|Any CPU
		{5A12AF16-53EC-4A35-A29A-9ECFD0B2689A}.Debug|Any CPU.Build.0 = Debug|Any CPU
		{5A12AF16-53EC-4A35-A29A-9ECFD0B2689A}.Release|Any CPU.ActiveCfg = Release|Any CPU
		{5A12AF16-53EC-4A35-A29A-9ECFD0B2689A}.Release|Any CPU.Build.0 = Release|Any CPU
		{146115CC-27AC-4A56-A48A-29827CB195E6}.Debug|Any CPU.ActiveCfg = Debug|Any CPU
		{146115CC-27AC-4A56-A48A-29827CB195E6}.Debug|Any CPU.Build.0 = Debug|Any CPU
		{146115CC-27AC-4A56-A48A-29827CB195E6}.Release|Any CPU.ActiveCfg = Release|Any CPU
		{146115CC-27AC-4A56-A48A-29827CB195E6}.Release|Any CPU.Build.0 = Release|Any CPU
		{01B127D3-D32E-47D7-951D-BB132E9A9D6E}.Debug|Any CPU.ActiveCfg = Debug|Any CPU
		{01B127D3-D32E-47D7-951D-BB132E9A9D6E}.Debug|Any CPU.Build.0 = Debug|Any CPU
		{01B127D3-D32E-47D7-951D-BB132E9A9D6E}.Release|Any CPU.ActiveCfg = Release|Any CPU
		{01B127D3-D32E-47D7-951D-BB132E9A9D6E}.Release|Any CPU.Build.0 = Release|Any CPU
		{E7F00170-11AE-430B-9A18-3A86A476EC1D}.Debug|Any CPU.ActiveCfg = Debug|Any CPU
		{E7F00170-11AE-430B-9A18-3A86A476EC1D}.Debug|Any CPU.Build.0 = Debug|Any CPU
		{E7F00170-11AE-430B-9A18-3A86A476EC1D}.Release|Any CPU.ActiveCfg = Release|Any CPU
		{E7F00170-11AE-430B-9A18-3A86A476EC1D}.Release|Any CPU.Build.0 = Release|Any CPU
	EndGlobalSection
	GlobalSection(SolutionProperties) = preSolution
		HideSolutionNode = FALSE
	EndGlobalSection
	GlobalSection(ExtensibilityGlobals) = postSolution
		SolutionGuid = {5639C266-D9DD-41F3-A458-B7C9F0CBB126}
	EndGlobalSection
EndGlobal
